# THIS IS AN AUTOGENERATED FILE. DO NOT EDIT THIS FILE DIRECTLY.
# yarn lockfile v1


"@types/aws-lambda@^8.10.92":
  version "8.10.107"
  resolved "https://registry.yarnpkg.com/@types/aws-lambda/-/aws-lambda-8.10.107.tgz#ef08cc6ceb63d786d58038dbe4f5412db68bc12d"
  integrity sha512-UTI9ZPw4VzvgYUJ7gUU77/ovGrIniRRWiMWxms5dP+1fsxNPeP/cOopQ0mxXPc9NvbeROcDUDN34m8eEhdEitg==
