# THIS IS AN AUTOGENERATED FILE. DO NOT EDIT THIS FILE DIRECTLY.
# yarn lockfile v1


"@types/aws-lambda@^8.10.92":
  version "8.10.103"
  resolved "https://registry.yarnpkg.com/@types/aws-lambda/-/aws-lambda-8.10.103.tgz#9f0d748036a206ebe4a3eb19febc53b52ee36352"
  integrity sha512-mYWsrM5YPmnyJru7kMDX8RYSc486sDqVOP1kUdotthD3YjJ57iTBN3N7MMtL1qdVoPW2YmCnNnWscyidmPe6Gw==

graphql-tag@^2.11.0:
  version "2.12.6"
  resolved "https://registry.yarnpkg.com/graphql-tag/-/graphql-tag-2.12.6.tgz#d441a569c1d2537ef10ca3d1633b48725329b5f1"
  integrity sha512-FdSNcu2QQcWnM2VNvSCCDCVS5PpPqpzgFT8+GXzqJuoDd0CBncxCY278u4mhRO7tMgo2JjgJA5aZ+nWSQ/Z+xg==
  dependencies:
    tslib "^2.1.0"

graphql@^15.5.0:
  version "15.8.0"
  resolved "https://registry.yarnpkg.com/graphql/-/graphql-15.8.0.tgz#33410e96b012fa3bdb1091cc99a94769db212b38"
  integrity sha512-5gghUc24tP9HRznNpV2+FIoq3xKkj5dTQqf4v0CpdPbFVwFkWoxOM+o+2OC9ZSvjEMTjfmG9QT+gcvggTwW1zw==

tslib@^2.1.0:
  version "2.4.0"
  resolved "https://registry.yarnpkg.com/tslib/-/tslib-2.4.0.tgz#7cecaa7f073ce680a05847aa77be941098f36dc3"
  integrity sha512-d6xOpEDfsi2CZVlPQzGeux8XMwLT9hssAsaPYExaQMuYskwb+x1x7J371tWlbBdWHroy99KnVB6qIkUbs5X3UQ==
