{
  "name": "getChesscomPlayer",
  "version": "2.0.0",
<<<<<<< HEAD
  "lockfileVersion": 2,
  "requires": true,
  "packages": {
    "": {
      "name": "getChesscomPlayer",
      "version": "2.0.0",
      "license": "Apache-2.0"
    }
  }
=======
  "lockfileVersion": 1
>>>>>>> bdd1292fc106d12e25c5df34871680264e89c484
}
